
Microsoft Visual Studio Solution File, Format Version 12.00
# Visual Studio Version 16
VisualStudioVersion = 16.0.33214.272
MinimumVisualStudioVersion = 10.0.40219.1
Project("{FAE04EC0-301F-11D3-BF4B-00C04F79EFBC}") = "Comet Updating System (彗星更新系统)", "Comet Updating System (彗星更新系统)\Comet Updating System (彗星更新系统).csproj", "{37786917-7F2F-4590-BBC8-8C762945543E}"
EndProject
Global
	GlobalSection(SolutionConfigurationPlatforms) = preSolution
		Debug|Any CPU = Debug|Any CPU
		Release|Any CPU = Release|Any CPU
	EndGlobalSection
	GlobalSection(ProjectConfigurationPlatforms) = postSolution
		{37786917-7F2F-4590-BBC8-8C762945543E}.Debug|Any CPU.ActiveCfg = Debug|Any CPU
		{37786917-7F2F-4590-BBC8-8C762945543E}.Debug|Any CPU.Build.0 = Debug|Any CPU
		{37786917-7F2F-4590-BBC8-8C762945543E}.Release|Any CPU.ActiveCfg = Release|Any CPU
		{37786917-7F2F-4590-BBC8-8C762945543E}.Release|Any CPU.Build.0 = Release|Any CPU
	EndGlobalSection
	GlobalSection(SolutionProperties) = preSolution
		HideSolutionNode = FALSE
	EndGlobalSection
	GlobalSection(ExtensibilityGlobals) = postSolution
		SolutionGuid = {2E57CE3E-D9A1-4E57-B033-E844AE7E5E53}
	EndGlobalSection
EndGlobal
